
Microsoft Visual Studio Solution File, Format Version 12.00
# Visual Studio Version 16
VisualStudioVersion = 16.0.31702.278
MinimumVisualStudioVersion = 10.0.40219.1
Project("{FAE04EC0-301F-11D3-BF4B-00C04F79EFBC}") = "2pc2Popova", "2pc2Popova\2pc2Popova.csproj", "{FDCCB4D0-E66F-4659-B6DA-8C198DF05F85}"
EndProject
Project("{9A19103F-16F7-4668-BE54-9A1E7A4F7556}") = "pz_6", "pz_6\pz_6.csproj", "{8296DCF4-B5FC-4DC7-A580-C75672D9B60E}"
EndProject
Project("{9A19103F-16F7-4668-BE54-9A1E7A4F7556}") = "pz_8PopovaElizaveta", "pz_8PopovaElizaveta\pz_8PopovaElizaveta.csproj", "{085E3929-0468-4836-913F-1122F0C4D4B6}"
EndProject
Project("{9A19103F-16F7-4668-BE54-9A1E7A4F7556}") = "pz_9PopovaElizaveta", "pz_9PopovaElizaveta\pz_9PopovaElizaveta.csproj", "{F9B6260E-9633-4E99-8425-43A58DCB4B79}"
EndProject
Project("{9A19103F-16F7-4668-BE54-9A1E7A4F7556}") = "pz_10PopovaElizaveta", "pz_10PopovaElizaveta\pz_10PopovaElizaveta.csproj", "{470ACEE0-F635-4A19-AC2A-EBFBC6DFEEF9}"
EndProject
Project("{9A19103F-16F7-4668-BE54-9A1E7A4F7556}") = "pz_11PopovaElizaveta", "pz_11PopovaElizaveta\pz_11PopovaElizaveta.csproj", "{A8D79FD6-8C89-4B51-9286-A37ED9CD189F}"
EndProject
Project("{9A19103F-16F7-4668-BE54-9A1E7A4F7556}") = "pz_12PopovaElizaveta", "pz_12PopovaElizaveta\pz_12PopovaElizaveta.csproj", "{D0076B50-0739-4714-A732-60E90F4E396D}"
EndProject
Project("{9A19103F-16F7-4668-BE54-9A1E7A4F7556}") = "pz_13PopovaElizaveta", "pz_13PopovaElizaveta\pz_13PopovaElizaveta.csproj", "{6A85804A-A3C0-48F0-8CB1-6DC76AEE2AF6}"
EndProject
Project("{9A19103F-16F7-4668-BE54-9A1E7A4F7556}") = "pz_14PopovaElizaveta", "pz_14PopovaElizaveta\pz_14PopovaElizaveta.csproj", "{0C002B17-B585-49BC-A67B-13DCFA98C30B}"
EndProject
Project("{FAE04EC0-301F-11D3-BF4B-00C04F79EFBC}") = "pz_15PopovaElizaveta", "pz_15PopovaElizaveta\pz_15PopovaElizaveta.csproj", "{661546B1-ED36-4EC8-9F09-8044CA552528}"
EndProject
Global
	GlobalSection(SolutionConfigurationPlatforms) = preSolution
		Debug|Any CPU = Debug|Any CPU
		Release|Any CPU = Release|Any CPU
	EndGlobalSection
	GlobalSection(ProjectConfigurationPlatforms) = postSolution
		{FDCCB4D0-E66F-4659-B6DA-8C198DF05F85}.Debug|Any CPU.ActiveCfg = Debug|Any CPU
		{FDCCB4D0-E66F-4659-B6DA-8C198DF05F85}.Debug|Any CPU.Build.0 = Debug|Any CPU
		{FDCCB4D0-E66F-4659-B6DA-8C198DF05F85}.Release|Any CPU.ActiveCfg = Release|Any CPU
		{FDCCB4D0-E66F-4659-B6DA-8C198DF05F85}.Release|Any CPU.Build.0 = Release|Any CPU
		{8296DCF4-B5FC-4DC7-A580-C75672D9B60E}.Debug|Any CPU.ActiveCfg = Debug|Any CPU
		{8296DCF4-B5FC-4DC7-A580-C75672D9B60E}.Debug|Any CPU.Build.0 = Debug|Any CPU
		{8296DCF4-B5FC-4DC7-A580-C75672D9B60E}.Release|Any CPU.ActiveCfg = Release|Any CPU
		{8296DCF4-B5FC-4DC7-A580-C75672D9B60E}.Release|Any CPU.Build.0 = Release|Any CPU
		{085E3929-0468-4836-913F-1122F0C4D4B6}.Debug|Any CPU.ActiveCfg = Debug|Any CPU
		{085E3929-0468-4836-913F-1122F0C4D4B6}.Debug|Any CPU.Build.0 = Debug|Any CPU
		{085E3929-0468-4836-913F-1122F0C4D4B6}.Release|Any CPU.ActiveCfg = Release|Any CPU
		{085E3929-0468-4836-913F-1122F0C4D4B6}.Release|Any CPU.Build.0 = Release|Any CPU
		{F9B6260E-9633-4E99-8425-43A58DCB4B79}.Debug|Any CPU.ActiveCfg = Debug|Any CPU
		{F9B6260E-9633-4E99-8425-43A58DCB4B79}.Debug|Any CPU.Build.0 = Debug|Any CPU
		{F9B6260E-9633-4E99-8425-43A58DCB4B79}.Release|Any CPU.ActiveCfg = Release|Any CPU
		{F9B6260E-9633-4E99-8425-43A58DCB4B79}.Release|Any CPU.Build.0 = Release|Any CPU
		{470ACEE0-F635-4A19-AC2A-EBFBC6DFEEF9}.Debug|Any CPU.ActiveCfg = Debug|Any CPU
		{470ACEE0-F635-4A19-AC2A-EBFBC6DFEEF9}.Debug|Any CPU.Build.0 = Debug|Any CPU
		{470ACEE0-F635-4A19-AC2A-EBFBC6DFEEF9}.Release|Any CPU.ActiveCfg = Release|Any CPU
		{470ACEE0-F635-4A19-AC2A-EBFBC6DFEEF9}.Release|Any CPU.Build.0 = Release|Any CPU
		{A8D79FD6-8C89-4B51-9286-A37ED9CD189F}.Debug|Any CPU.ActiveCfg = Debug|Any CPU
		{A8D79FD6-8C89-4B51-9286-A37ED9CD189F}.Debug|Any CPU.Build.0 = Debug|Any CPU
		{A8D79FD6-8C89-4B51-9286-A37ED9CD189F}.Release|Any CPU.ActiveCfg = Release|Any CPU
		{A8D79FD6-8C89-4B51-9286-A37ED9CD189F}.Release|Any CPU.Build.0 = Release|Any CPU
		{D0076B50-0739-4714-A732-60E90F4E396D}.Debug|Any CPU.ActiveCfg = Debug|Any CPU
		{D0076B50-0739-4714-A732-60E90F4E396D}.Debug|Any CPU.Build.0 = Debug|Any CPU
		{D0076B50-0739-4714-A732-60E90F4E396D}.Release|Any CPU.ActiveCfg = Release|Any CPU
		{D0076B50-0739-4714-A732-60E90F4E396D}.Release|Any CPU.Build.0 = Release|Any CPU
		{6A85804A-A3C0-48F0-8CB1-6DC76AEE2AF6}.Debug|Any CPU.ActiveCfg = Debug|Any CPU
		{6A85804A-A3C0-48F0-8CB1-6DC76AEE2AF6}.Debug|Any CPU.Build.0 = Debug|Any CPU
		{6A85804A-A3C0-48F0-8CB1-6DC76AEE2AF6}.Release|Any CPU.ActiveCfg = Release|Any CPU
		{6A85804A-A3C0-48F0-8CB1-6DC76AEE2AF6}.Release|Any CPU.Build.0 = Release|Any CPU
		{0C002B17-B585-49BC-A67B-13DCFA98C30B}.Debug|Any CPU.ActiveCfg = Debug|Any CPU
		{0C002B17-B585-49BC-A67B-13DCFA98C30B}.Debug|Any CPU.Build.0 = Debug|Any CPU
		{0C002B17-B585-49BC-A67B-13DCFA98C30B}.Release|Any CPU.ActiveCfg = Release|Any CPU
		{0C002B17-B585-49BC-A67B-13DCFA98C30B}.Release|Any CPU.Build.0 = Release|Any CPU
		{661546B1-ED36-4EC8-9F09-8044CA552528}.Debug|Any CPU.ActiveCfg = Debug|Any CPU
		{661546B1-ED36-4EC8-9F09-8044CA552528}.Debug|Any CPU.Build.0 = Debug|Any CPU
		{661546B1-ED36-4EC8-9F09-8044CA552528}.Release|Any CPU.ActiveCfg = Release|Any CPU
		{661546B1-ED36-4EC8-9F09-8044CA552528}.Release|Any CPU.Build.0 = Release|Any CPU
	EndGlobalSection
	GlobalSection(SolutionProperties) = preSolution
		HideSolutionNode = FALSE
	EndGlobalSection
	GlobalSection(ExtensibilityGlobals) = postSolution
		SolutionGuid = {1B0F4546-EE97-4FF8-AF7A-D24E30E602C1}
	EndGlobalSection
EndGlobal
