
Microsoft Visual Studio Solution File, Format Version 12.00
# Visual Studio Version 16
VisualStudioVersion = 16.0.31702.278
MinimumVisualStudioVersion = 10.0.40219.1
Project("{9A19103F-16F7-4668-BE54-9A1E7A4F7556}") = "pz_6", "pz_6\pz_6.csproj", "{8296DCF4-B5FC-4DC7-A580-C75672D9B60E}"
EndProject
Project("{9A19103F-16F7-4668-BE54-9A1E7A4F7556}") = "pz_8PopovaElizaveta", "pz_8PopovaElizaveta\pz_8PopovaElizaveta.csproj", "{085E3929-0468-4836-913F-1122F0C4D4B6}"
EndProject
Project("{9A19103F-16F7-4668-BE54-9A1E7A4F7556}") = "pz_9PopovaElizaveta", "pz_9PopovaElizaveta\pz_9PopovaElizaveta.csproj", "{F9B6260E-9633-4E99-8425-43A58DCB4B79}"
EndProject
Project("{9A19103F-16F7-4668-BE54-9A1E7A4F7556}") = "pz_10PopovaElizaveta", "pz_10PopovaElizaveta\pz_10PopovaElizaveta.csproj", "{470ACEE0-F635-4A19-AC2A-EBFBC6DFEEF9}"
EndProject
Project("{9A19103F-16F7-4668-BE54-9A1E7A4F7556}") = "pz_11PopovaElizaveta", "pz_11PopovaElizaveta\pz_11PopovaElizaveta.csproj", "{A8D79FD6-8C89-4B51-9286-A37ED9CD189F}"
EndProject
Project("{9A19103F-16F7-4668-BE54-9A1E7A4F7556}") = "pz_12PopovaElizaveta", "pz_12PopovaElizaveta\pz_12PopovaElizaveta.csproj", "{D0076B50-0739-4714-A732-60E90F4E396D}"
EndProject
Project("{9A19103F-16F7-4668-BE54-9A1E7A4F7556}") = "pz_13PopovaElizaveta", "pz_13PopovaElizaveta\pz_13PopovaElizaveta.csproj", "{6A85804A-A3C0-48F0-8CB1-6DC76AEE2AF6}"
EndProject
Project("{9A19103F-16F7-4668-BE54-9A1E7A4F7556}") = "pz_14PopovaElizaveta", "pz_14PopovaElizaveta\pz_14PopovaElizaveta.csproj", "{0C002B17-B585-49BC-A67B-13DCFA98C30B}"
EndProject
Project("{9A19103F-16F7-4668-BE54-9A1E7A4F7556}") = "pz_15PopovaElizaveta", "pz_15PopovaElizaveta\pz_15PopovaElizaveta.csproj", "{661546B1-ED36-4EC8-9F09-8044CA552528}"
EndProject
Project("{9A19103F-16F7-4668-BE54-9A1E7A4F7556}") = "pz_16PopovaElizaveta", "pz_16PopovaElizaveta\pz_16PopovaElizaveta.csproj", "{71722BDB-1D7C-4CC7-BD4E-439634E05440}"
EndProject
Project("{9A19103F-16F7-4668-BE54-9A1E7A4F7556}") = "pz_17PopovaElizaveta", "pz_17PopovaElizaveta\pz_17PopovaElizaveta.csproj", "{183687DE-600C-473F-A8BC-8D6F5C22E018}"
EndProject
Project("{9A19103F-16F7-4668-BE54-9A1E7A4F7556}") = "pz_18PopovaElizaveta", "pz_18PopovaElizaveta\pz_18PopovaElizaveta.csproj", "{09D9E909-4BFD-4964-939E-63C0F4B49F2A}"
EndProject
Project("{9A19103F-16F7-4668-BE54-9A1E7A4F7556}") = "pz_19PopovaElizaveta", "pz_19PopovaElizaveta\pz_19PopovaElizaveta.csproj", "{55E2CECA-347A-43F4-8C5B-2F5E3F448B4E}"
EndProject
Project("{9A19103F-16F7-4668-BE54-9A1E7A4F7556}") = "pz_2.3PopovaElizaveta", "pz_2.3PopovaElizaveta\pz_2.3PopovaElizaveta.csproj", "{9B5BBAD3-69A3-4E59-B127-14788C760697}"
EndProject
Project("{9A19103F-16F7-4668-BE54-9A1E7A4F7556}") = "pz_2_8PopovaElizaveta", "pz_2_8PopovaElizaveta\pz_2_8PopovaElizaveta.csproj", "{9DE37295-6780-4C79-8096-E22623D6AB38}"
EndProject
Project("{9A19103F-16F7-4668-BE54-9A1E7A4F7556}") = "2_8_Delegats", "2_8_Delegats\2_8_Delegats.csproj", "{683BD434-0BA1-467D-B3C4-CC91F63D139D}"
EndProject
Project("{9A19103F-16F7-4668-BE54-9A1E7A4F7556}") = "pz_2_9PopovaElizaveta", "pz_2_9PopovaElizaveta\pz_2_9PopovaElizaveta.csproj", "{70C60618-1970-4340-8B05-7F712516F2FC}"
EndProject
Project("{9A19103F-16F7-4668-BE54-9A1E7A4F7556}") = "pz_2_10PopovaElizaveta", "pz_2_10PopovaElizaveta\pz_2_10PopovaElizaveta.csproj", "{53701CB7-D1F8-49EA-B943-13C2CB0EE330}"
EndProject
Project("{9A19103F-16F7-4668-BE54-9A1E7A4F7556}") = "pz_2_12PopovaElizaveta", "pz_2_12PopovaElizaveta\pz_2_12PopovaElizaveta.csproj", "{85690AC6-0C2F-4A7E-B404-0493B7139BF1}"
EndProject
Project("{9A19103F-16F7-4668-BE54-9A1E7A4F7556}") = "od_mass", "od_mass\od_mass.csproj", "{15C47F90-6524-4C6D-9DB5-19C9FCF7ADBD}"
EndProject
Project("{9A19103F-16F7-4668-BE54-9A1E7A4F7556}") = "dv_mass", "dv_mass\dv_mass.csproj", "{4260DFC2-5397-487C-914B-FC287D7AD75D}"
EndProject
Project("{FAE04EC0-301F-11D3-BF4B-00C04F79EFBC}") = "pz_2_2PopovaElizaveta", "pz_2_2PopovaElizaveta\pz_2_2PopovaElizaveta.csproj", "{C86A8EC4-FF88-4E1E-9B73-DF9D7EFA114C}"
EndProject
Global
	GlobalSection(SolutionConfigurationPlatforms) = preSolution
		Debug|Any CPU = Debug|Any CPU
		Release|Any CPU = Release|Any CPU
	EndGlobalSection
	GlobalSection(ProjectConfigurationPlatforms) = postSolution
		{8296DCF4-B5FC-4DC7-A580-C75672D9B60E}.Debug|Any CPU.ActiveCfg = Debug|Any CPU
		{8296DCF4-B5FC-4DC7-A580-C75672D9B60E}.Debug|Any CPU.Build.0 = Debug|Any CPU
		{8296DCF4-B5FC-4DC7-A580-C75672D9B60E}.Release|Any CPU.ActiveCfg = Release|Any CPU
		{8296DCF4-B5FC-4DC7-A580-C75672D9B60E}.Release|Any CPU.Build.0 = Release|Any CPU
		{085E3929-0468-4836-913F-1122F0C4D4B6}.Debug|Any CPU.ActiveCfg = Debug|Any CPU
		{085E3929-0468-4836-913F-1122F0C4D4B6}.Debug|Any CPU.Build.0 = Debug|Any CPU
		{085E3929-0468-4836-913F-1122F0C4D4B6}.Release|Any CPU.ActiveCfg = Release|Any CPU
		{085E3929-0468-4836-913F-1122F0C4D4B6}.Release|Any CPU.Build.0 = Release|Any CPU
		{F9B6260E-9633-4E99-8425-43A58DCB4B79}.Debug|Any CPU.ActiveCfg = Debug|Any CPU
		{F9B6260E-9633-4E99-8425-43A58DCB4B79}.Debug|Any CPU.Build.0 = Debug|Any CPU
		{F9B6260E-9633-4E99-8425-43A58DCB4B79}.Release|Any CPU.ActiveCfg = Release|Any CPU
		{F9B6260E-9633-4E99-8425-43A58DCB4B79}.Release|Any CPU.Build.0 = Release|Any CPU
		{470ACEE0-F635-4A19-AC2A-EBFBC6DFEEF9}.Debug|Any CPU.ActiveCfg = Debug|Any CPU
		{470ACEE0-F635-4A19-AC2A-EBFBC6DFEEF9}.Debug|Any CPU.Build.0 = Debug|Any CPU
		{470ACEE0-F635-4A19-AC2A-EBFBC6DFEEF9}.Release|Any CPU.ActiveCfg = Release|Any CPU
		{470ACEE0-F635-4A19-AC2A-EBFBC6DFEEF9}.Release|Any CPU.Build.0 = Release|Any CPU
		{A8D79FD6-8C89-4B51-9286-A37ED9CD189F}.Debug|Any CPU.ActiveCfg = Debug|Any CPU
		{A8D79FD6-8C89-4B51-9286-A37ED9CD189F}.Debug|Any CPU.Build.0 = Debug|Any CPU
		{A8D79FD6-8C89-4B51-9286-A37ED9CD189F}.Release|Any CPU.ActiveCfg = Release|Any CPU
		{A8D79FD6-8C89-4B51-9286-A37ED9CD189F}.Release|Any CPU.Build.0 = Release|Any CPU
		{D0076B50-0739-4714-A732-60E90F4E396D}.Debug|Any CPU.ActiveCfg = Debug|Any CPU
		{D0076B50-0739-4714-A732-60E90F4E396D}.Debug|Any CPU.Build.0 = Debug|Any CPU
		{D0076B50-0739-4714-A732-60E90F4E396D}.Release|Any CPU.ActiveCfg = Release|Any CPU
		{D0076B50-0739-4714-A732-60E90F4E396D}.Release|Any CPU.Build.0 = Release|Any CPU
		{6A85804A-A3C0-48F0-8CB1-6DC76AEE2AF6}.Debug|Any CPU.ActiveCfg = Debug|Any CPU
		{6A85804A-A3C0-48F0-8CB1-6DC76AEE2AF6}.Debug|Any CPU.Build.0 = Debug|Any CPU
		{6A85804A-A3C0-48F0-8CB1-6DC76AEE2AF6}.Release|Any CPU.ActiveCfg = Release|Any CPU
		{6A85804A-A3C0-48F0-8CB1-6DC76AEE2AF6}.Release|Any CPU.Build.0 = Release|Any CPU
		{0C002B17-B585-49BC-A67B-13DCFA98C30B}.Debug|Any CPU.ActiveCfg = Debug|Any CPU
		{0C002B17-B585-49BC-A67B-13DCFA98C30B}.Debug|Any CPU.Build.0 = Debug|Any CPU
		{0C002B17-B585-49BC-A67B-13DCFA98C30B}.Release|Any CPU.ActiveCfg = Release|Any CPU
		{0C002B17-B585-49BC-A67B-13DCFA98C30B}.Release|Any CPU.Build.0 = Release|Any CPU
		{661546B1-ED36-4EC8-9F09-8044CA552528}.Debug|Any CPU.ActiveCfg = Debug|Any CPU
		{661546B1-ED36-4EC8-9F09-8044CA552528}.Debug|Any CPU.Build.0 = Debug|Any CPU
		{661546B1-ED36-4EC8-9F09-8044CA552528}.Release|Any CPU.ActiveCfg = Release|Any CPU
		{661546B1-ED36-4EC8-9F09-8044CA552528}.Release|Any CPU.Build.0 = Release|Any CPU
		{71722BDB-1D7C-4CC7-BD4E-439634E05440}.Debug|Any CPU.ActiveCfg = Debug|Any CPU
		{71722BDB-1D7C-4CC7-BD4E-439634E05440}.Debug|Any CPU.Build.0 = Debug|Any CPU
		{71722BDB-1D7C-4CC7-BD4E-439634E05440}.Release|Any CPU.ActiveCfg = Release|Any CPU
		{71722BDB-1D7C-4CC7-BD4E-439634E05440}.Release|Any CPU.Build.0 = Release|Any CPU
		{183687DE-600C-473F-A8BC-8D6F5C22E018}.Debug|Any CPU.ActiveCfg = Debug|Any CPU
		{183687DE-600C-473F-A8BC-8D6F5C22E018}.Debug|Any CPU.Build.0 = Debug|Any CPU
		{183687DE-600C-473F-A8BC-8D6F5C22E018}.Release|Any CPU.ActiveCfg = Release|Any CPU
		{183687DE-600C-473F-A8BC-8D6F5C22E018}.Release|Any CPU.Build.0 = Release|Any CPU
		{09D9E909-4BFD-4964-939E-63C0F4B49F2A}.Debug|Any CPU.ActiveCfg = Debug|Any CPU
		{09D9E909-4BFD-4964-939E-63C0F4B49F2A}.Debug|Any CPU.Build.0 = Debug|Any CPU
		{09D9E909-4BFD-4964-939E-63C0F4B49F2A}.Release|Any CPU.ActiveCfg = Release|Any CPU
		{09D9E909-4BFD-4964-939E-63C0F4B49F2A}.Release|Any CPU.Build.0 = Release|Any CPU
		{55E2CECA-347A-43F4-8C5B-2F5E3F448B4E}.Debug|Any CPU.ActiveCfg = Debug|Any CPU
		{55E2CECA-347A-43F4-8C5B-2F5E3F448B4E}.Debug|Any CPU.Build.0 = Debug|Any CPU
		{55E2CECA-347A-43F4-8C5B-2F5E3F448B4E}.Release|Any CPU.ActiveCfg = Release|Any CPU
		{55E2CECA-347A-43F4-8C5B-2F5E3F448B4E}.Release|Any CPU.Build.0 = Release|Any CPU
		{9B5BBAD3-69A3-4E59-B127-14788C760697}.Debug|Any CPU.ActiveCfg = Debug|Any CPU
		{9B5BBAD3-69A3-4E59-B127-14788C760697}.Debug|Any CPU.Build.0 = Debug|Any CPU
		{9B5BBAD3-69A3-4E59-B127-14788C760697}.Release|Any CPU.ActiveCfg = Release|Any CPU
		{9B5BBAD3-69A3-4E59-B127-14788C760697}.Release|Any CPU.Build.0 = Release|Any CPU
		{9DE37295-6780-4C79-8096-E22623D6AB38}.Debug|Any CPU.ActiveCfg = Debug|Any CPU
		{9DE37295-6780-4C79-8096-E22623D6AB38}.Debug|Any CPU.Build.0 = Debug|Any CPU
		{9DE37295-6780-4C79-8096-E22623D6AB38}.Release|Any CPU.ActiveCfg = Release|Any CPU
		{9DE37295-6780-4C79-8096-E22623D6AB38}.Release|Any CPU.Build.0 = Release|Any CPU
		{683BD434-0BA1-467D-B3C4-CC91F63D139D}.Debug|Any CPU.ActiveCfg = Debug|Any CPU
		{683BD434-0BA1-467D-B3C4-CC91F63D139D}.Debug|Any CPU.Build.0 = Debug|Any CPU
		{683BD434-0BA1-467D-B3C4-CC91F63D139D}.Release|Any CPU.ActiveCfg = Release|Any CPU
		{683BD434-0BA1-467D-B3C4-CC91F63D139D}.Release|Any CPU.Build.0 = Release|Any CPU
		{70C60618-1970-4340-8B05-7F712516F2FC}.Debug|Any CPU.ActiveCfg = Debug|Any CPU
		{70C60618-1970-4340-8B05-7F712516F2FC}.Debug|Any CPU.Build.0 = Debug|Any CPU
		{70C60618-1970-4340-8B05-7F712516F2FC}.Release|Any CPU.ActiveCfg = Release|Any CPU
		{70C60618-1970-4340-8B05-7F712516F2FC}.Release|Any CPU.Build.0 = Release|Any CPU
		{53701CB7-D1F8-49EA-B943-13C2CB0EE330}.Debug|Any CPU.ActiveCfg = Debug|Any CPU
		{53701CB7-D1F8-49EA-B943-13C2CB0EE330}.Debug|Any CPU.Build.0 = Debug|Any CPU
		{53701CB7-D1F8-49EA-B943-13C2CB0EE330}.Release|Any CPU.ActiveCfg = Release|Any CPU
		{53701CB7-D1F8-49EA-B943-13C2CB0EE330}.Release|Any CPU.Build.0 = Release|Any CPU
		{85690AC6-0C2F-4A7E-B404-0493B7139BF1}.Debug|Any CPU.ActiveCfg = Debug|Any CPU
		{85690AC6-0C2F-4A7E-B404-0493B7139BF1}.Debug|Any CPU.Build.0 = Debug|Any CPU
		{85690AC6-0C2F-4A7E-B404-0493B7139BF1}.Release|Any CPU.ActiveCfg = Release|Any CPU
		{85690AC6-0C2F-4A7E-B404-0493B7139BF1}.Release|Any CPU.Build.0 = Release|Any CPU
		{15C47F90-6524-4C6D-9DB5-19C9FCF7ADBD}.Debug|Any CPU.ActiveCfg = Debug|Any CPU
		{15C47F90-6524-4C6D-9DB5-19C9FCF7ADBD}.Debug|Any CPU.Build.0 = Debug|Any CPU
		{15C47F90-6524-4C6D-9DB5-19C9FCF7ADBD}.Release|Any CPU.ActiveCfg = Release|Any CPU
		{15C47F90-6524-4C6D-9DB5-19C9FCF7ADBD}.Release|Any CPU.Build.0 = Release|Any CPU
		{4260DFC2-5397-487C-914B-FC287D7AD75D}.Debug|Any CPU.ActiveCfg = Debug|Any CPU
		{4260DFC2-5397-487C-914B-FC287D7AD75D}.Debug|Any CPU.Build.0 = Debug|Any CPU
		{4260DFC2-5397-487C-914B-FC287D7AD75D}.Release|Any CPU.ActiveCfg = Release|Any CPU
		{4260DFC2-5397-487C-914B-FC287D7AD75D}.Release|Any CPU.Build.0 = Release|Any CPU
		{C86A8EC4-FF88-4E1E-9B73-DF9D7EFA114C}.Debug|Any CPU.ActiveCfg = Debug|Any CPU
		{C86A8EC4-FF88-4E1E-9B73-DF9D7EFA114C}.Debug|Any CPU.Build.0 = Debug|Any CPU
		{C86A8EC4-FF88-4E1E-9B73-DF9D7EFA114C}.Release|Any CPU.ActiveCfg = Release|Any CPU
		{C86A8EC4-FF88-4E1E-9B73-DF9D7EFA114C}.Release|Any CPU.Build.0 = Release|Any CPU
	EndGlobalSection
	GlobalSection(SolutionProperties) = preSolution
		HideSolutionNode = FALSE
	EndGlobalSection
	GlobalSection(ExtensibilityGlobals) = postSolution
		SolutionGuid = {1B0F4546-EE97-4FF8-AF7A-D24E30E602C1}
	EndGlobalSection
EndGlobal
